
Microsoft Visual Studio Solution File, Format Version 12.00
# Visual Studio 14
VisualStudioVersion = 14.0.23107.0
MinimumVisualStudioVersion = 10.0.40219.1
Project("{FAE04EC0-301F-11D3-BF4B-00C04F79EFBC}") = "CSVParserWinRT", "CSVParserWinRT\CSVParserWinRT.csproj", "{37090211-22C5-4E4A-A1C1-4EEEE380EFBD}"
EndProject
Project("{FAE04EC0-301F-11D3-BF4B-00C04F79EFBC}") = "CSV Parser Test Harness Universal", "CSV Parser Test Harness Universal\CSV Parser Test Harness Universal.csproj", "{DAD93A15-AF90-49C6-A066-B36A6DFAC146}"
EndProject
Project("{FAE04EC0-301F-11D3-BF4B-00C04F79EFBC}") = "CSVParserUnitTestApp", "CSVParserUnitTestApp\CSVParserUnitTestApp.csproj", "{74799F60-AA11-40BF-8930-1F906C0D85AF}"
EndProject
Project("{FAE04EC0-301F-11D3-BF4B-00C04F79EFBC}") = "CSVParserHarnessXaml", "CSVParserHarness\CSVParserHarnessXaml.csproj", "{7336079B-C88D-4B7E-A303-564E776E6C35}"
EndProject
Global
	GlobalSection(SolutionConfigurationPlatforms) = preSolution
		Debug|Any CPU = Debug|Any CPU
		Debug|ARM = Debug|ARM
		Debug|x64 = Debug|x64
		Debug|x86 = Debug|x86
		Release|Any CPU = Release|Any CPU
		Release|ARM = Release|ARM
		Release|x64 = Release|x64
		Release|x86 = Release|x86
	EndGlobalSection
	GlobalSection(ProjectConfigurationPlatforms) = postSolution
		{37090211-22C5-4E4A-A1C1-4EEEE380EFBD}.Debug|Any CPU.ActiveCfg = Debug|Any CPU
		{37090211-22C5-4E4A-A1C1-4EEEE380EFBD}.Debug|Any CPU.Build.0 = Debug|Any CPU
		{37090211-22C5-4E4A-A1C1-4EEEE380EFBD}.Debug|ARM.ActiveCfg = Debug|ARM
		{37090211-22C5-4E4A-A1C1-4EEEE380EFBD}.Debug|ARM.Build.0 = Debug|ARM
		{37090211-22C5-4E4A-A1C1-4EEEE380EFBD}.Debug|x64.ActiveCfg = Debug|x64
		{37090211-22C5-4E4A-A1C1-4EEEE380EFBD}.Debug|x64.Build.0 = Debug|x64
		{37090211-22C5-4E4A-A1C1-4EEEE380EFBD}.Debug|x86.ActiveCfg = Debug|x86
		{37090211-22C5-4E4A-A1C1-4EEEE380EFBD}.Debug|x86.Build.0 = Debug|x86
		{37090211-22C5-4E4A-A1C1-4EEEE380EFBD}.Release|Any CPU.ActiveCfg = Release|Any CPU
		{37090211-22C5-4E4A-A1C1-4EEEE380EFBD}.Release|Any CPU.Build.0 = Release|Any CPU
		{37090211-22C5-4E4A-A1C1-4EEEE380EFBD}.Release|ARM.ActiveCfg = Release|ARM
		{37090211-22C5-4E4A-A1C1-4EEEE380EFBD}.Release|ARM.Build.0 = Release|ARM
		{37090211-22C5-4E4A-A1C1-4EEEE380EFBD}.Release|x64.ActiveCfg = Release|x64
		{37090211-22C5-4E4A-A1C1-4EEEE380EFBD}.Release|x64.Build.0 = Release|x64
		{37090211-22C5-4E4A-A1C1-4EEEE380EFBD}.Release|x86.ActiveCfg = Release|x86
		{37090211-22C5-4E4A-A1C1-4EEEE380EFBD}.Release|x86.Build.0 = Release|x86
		{DAD93A15-AF90-49C6-A066-B36A6DFAC146}.Debug|Any CPU.ActiveCfg = Debug|x86
		{DAD93A15-AF90-49C6-A066-B36A6DFAC146}.Debug|ARM.ActiveCfg = Debug|ARM
		{DAD93A15-AF90-49C6-A066-B36A6DFAC146}.Debug|ARM.Build.0 = Debug|ARM
		{DAD93A15-AF90-49C6-A066-B36A6DFAC146}.Debug|ARM.Deploy.0 = Debug|ARM
		{DAD93A15-AF90-49C6-A066-B36A6DFAC146}.Debug|x64.ActiveCfg = Debug|x64
		{DAD93A15-AF90-49C6-A066-B36A6DFAC146}.Debug|x64.Build.0 = Debug|x64
		{DAD93A15-AF90-49C6-A066-B36A6DFAC146}.Debug|x64.Deploy.0 = Debug|x64
		{DAD93A15-AF90-49C6-A066-B36A6DFAC146}.Debug|x86.ActiveCfg = Debug|x86
		{DAD93A15-AF90-49C6-A066-B36A6DFAC146}.Debug|x86.Build.0 = Debug|x86
		{DAD93A15-AF90-49C6-A066-B36A6DFAC146}.Debug|x86.Deploy.0 = Debug|x86
		{DAD93A15-AF90-49C6-A066-B36A6DFAC146}.Release|Any CPU.ActiveCfg = Release|x86
		{DAD93A15-AF90-49C6-A066-B36A6DFAC146}.Release|ARM.ActiveCfg = Release|ARM
		{DAD93A15-AF90-49C6-A066-B36A6DFAC146}.Release|ARM.Build.0 = Release|ARM
		{DAD93A15-AF90-49C6-A066-B36A6DFAC146}.Release|ARM.Deploy.0 = Release|ARM
		{DAD93A15-AF90-49C6-A066-B36A6DFAC146}.Release|x64.ActiveCfg = Release|x64
		{DAD93A15-AF90-49C6-A066-B36A6DFAC146}.Release|x64.Build.0 = Release|x64
		{DAD93A15-AF90-49C6-A066-B36A6DFAC146}.Release|x64.Deploy.0 = Release|x64
		{DAD93A15-AF90-49C6-A066-B36A6DFAC146}.Release|x86.ActiveCfg = Release|x86
		{DAD93A15-AF90-49C6-A066-B36A6DFAC146}.Release|x86.Build.0 = Release|x86
		{DAD93A15-AF90-49C6-A066-B36A6DFAC146}.Release|x86.Deploy.0 = Release|x86
		{74799F60-AA11-40BF-8930-1F906C0D85AF}.Debug|Any CPU.ActiveCfg = Debug|x86
		{74799F60-AA11-40BF-8930-1F906C0D85AF}.Debug|ARM.ActiveCfg = Debug|ARM
		{74799F60-AA11-40BF-8930-1F906C0D85AF}.Debug|ARM.Build.0 = Debug|ARM
		{74799F60-AA11-40BF-8930-1F906C0D85AF}.Debug|ARM.Deploy.0 = Debug|ARM
		{74799F60-AA11-40BF-8930-1F906C0D85AF}.Debug|x64.ActiveCfg = Debug|x64
		{74799F60-AA11-40BF-8930-1F906C0D85AF}.Debug|x64.Build.0 = Debug|x64
		{74799F60-AA11-40BF-8930-1F906C0D85AF}.Debug|x64.Deploy.0 = Debug|x64
		{74799F60-AA11-40BF-8930-1F906C0D85AF}.Debug|x86.ActiveCfg = Debug|x86
		{74799F60-AA11-40BF-8930-1F906C0D85AF}.Debug|x86.Build.0 = Debug|x86
		{74799F60-AA11-40BF-8930-1F906C0D85AF}.Debug|x86.Deploy.0 = Debug|x86
		{74799F60-AA11-40BF-8930-1F906C0D85AF}.Release|Any CPU.ActiveCfg = Release|x86
		{74799F60-AA11-40BF-8930-1F906C0D85AF}.Release|ARM.ActiveCfg = Release|ARM
		{74799F60-AA11-40BF-8930-1F906C0D85AF}.Release|ARM.Build.0 = Release|ARM
		{74799F60-AA11-40BF-8930-1F906C0D85AF}.Release|ARM.Deploy.0 = Release|ARM
		{74799F60-AA11-40BF-8930-1F906C0D85AF}.Release|x64.ActiveCfg = Release|x64
		{74799F60-AA11-40BF-8930-1F906C0D85AF}.Release|x64.Build.0 = Release|x64
		{74799F60-AA11-40BF-8930-1F906C0D85AF}.Release|x64.Deploy.0 = Release|x64
		{74799F60-AA11-40BF-8930-1F906C0D85AF}.Release|x86.ActiveCfg = Release|x86
		{74799F60-AA11-40BF-8930-1F906C0D85AF}.Release|x86.Build.0 = Release|x86
		{74799F60-AA11-40BF-8930-1F906C0D85AF}.Release|x86.Deploy.0 = Release|x86
		{7336079B-C88D-4B7E-A303-564E776E6C35}.Debug|Any CPU.ActiveCfg = Debug|Any CPU
		{7336079B-C88D-4B7E-A303-564E776E6C35}.Debug|Any CPU.Build.0 = Debug|Any CPU
		{7336079B-C88D-4B7E-A303-564E776E6C35}.Debug|Any CPU.Deploy.0 = Debug|Any CPU
		{7336079B-C88D-4B7E-A303-564E776E6C35}.Debug|ARM.ActiveCfg = Debug|ARM
		{7336079B-C88D-4B7E-A303-564E776E6C35}.Debug|ARM.Build.0 = Debug|ARM
		{7336079B-C88D-4B7E-A303-564E776E6C35}.Debug|ARM.Deploy.0 = Debug|ARM
		{7336079B-C88D-4B7E-A303-564E776E6C35}.Debug|x64.ActiveCfg = Debug|x64
		{7336079B-C88D-4B7E-A303-564E776E6C35}.Debug|x64.Build.0 = Debug|x64
		{7336079B-C88D-4B7E-A303-564E776E6C35}.Debug|x64.Deploy.0 = Debug|x64
		{7336079B-C88D-4B7E-A303-564E776E6C35}.Debug|x86.ActiveCfg = Debug|x86
		{7336079B-C88D-4B7E-A303-564E776E6C35}.Debug|x86.Build.0 = Debug|x86
		{7336079B-C88D-4B7E-A303-564E776E6C35}.Debug|x86.Deploy.0 = Debug|x86
		{7336079B-C88D-4B7E-A303-564E776E6C35}.Release|Any CPU.ActiveCfg = Release|Any CPU
		{7336079B-C88D-4B7E-A303-564E776E6C35}.Release|Any CPU.Build.0 = Release|Any CPU
		{7336079B-C88D-4B7E-A303-564E776E6C35}.Release|Any CPU.Deploy.0 = Release|Any CPU
		{7336079B-C88D-4B7E-A303-564E776E6C35}.Release|ARM.ActiveCfg = Release|ARM
		{7336079B-C88D-4B7E-A303-564E776E6C35}.Release|ARM.Build.0 = Release|ARM
		{7336079B-C88D-4B7E-A303-564E776E6C35}.Release|ARM.Deploy.0 = Release|ARM
		{7336079B-C88D-4B7E-A303-564E776E6C35}.Release|x64.ActiveCfg = Release|x64
		{7336079B-C88D-4B7E-A303-564E776E6C35}.Release|x64.Build.0 = Release|x64
		{7336079B-C88D-4B7E-A303-564E776E6C35}.Release|x64.Deploy.0 = Release|x64
		{7336079B-C88D-4B7E-A303-564E776E6C35}.Release|x86.ActiveCfg = Release|x86
		{7336079B-C88D-4B7E-A303-564E776E6C35}.Release|x86.Build.0 = Release|x86
		{7336079B-C88D-4B7E-A303-564E776E6C35}.Release|x86.Deploy.0 = Release|x86
	EndGlobalSection
	GlobalSection(SolutionProperties) = preSolution
		HideSolutionNode = FALSE
	EndGlobalSection
EndGlobal
